// !$*UTF8*$!
{
	archiveVersion = 1;
	classes = {
	};
	objectVersion = 56;
	objects = {

/* Begin PBXBuildFile section */
		C001000003 /* OCRService.swift in Sources */ = {isa = PBXBuildFile; fileRef = C001000008 /* OCRService.swift */; };
		C001000016 /* ServerManager.swift in Sources */ = {isa = PBXBuildFile; fileRef = C001000017 /* ServerManager.swift */; };
		C002000010 /* OCR_App.swift in Sources */ = {isa = PBXBuildFile; fileRef = C002000000 /* OCR_App.swift */; };
		C002000011 /* ContentView.swift in Sources */ = {isa = PBXBuildFile; fileRef = C002000001 /* ContentView.swift */; };
		C002000012 /* OCRTabView.swift in Sources */ = {isa = PBXBuildFile; fileRef = C002000002 /* OCRTabView.swift */; };
		C002000013 /* ServerTabView.swift in Sources */ = {isa = PBXBuildFile; fileRef = C002000003 /* ServerTabView.swift */; };
		C002000014 /* HistoryTabView.swift in Sources */ = {isa = PBXBuildFile; fileRef = C002000004 /* HistoryTabView.swift */; };
		C002000015 /* OCRViewModel.swift in Sources */ = {isa = PBXBuildFile; fileRef = C002000005 /* OCRViewModel.swift */; };
		C002000016 /* ServerViewModel.swift in Sources */ = {isa = PBXBuildFile; fileRef = C002000006 /* ServerViewModel.swift */; };
/* End PBXBuildFile section */

/* Begin PBXFileReference section */
		C001000004 /* OCR App.app */ = {isa = PBXFileReference; explicitFileType = wrapper.application; includeInIndex = 0; path = "OCR App.app"; sourceTree = BUILT_PRODUCTS_DIR; };
		C001000005 /* Info.plist */ = {isa = PBXFileReference; lastKnownFileType = text.plist.xml; path = Info.plist; sourceTree = "<group>"; };
		C001000008 /* OCRService.swift */ = {isa = PBXFileReference; lastKnownFileType = sourcecode.swift; path = OCRService.swift; sourceTree = "<group>"; };
		C001000017 /* ServerManager.swift */ = {isa = PBXFileReference; lastKnownFileType = sourcecode.swift; path = ServerManager.swift; sourceTree = "<group>"; };
		C001000019 /* ServerViewController.swift */ = {isa = PBXFileReference; lastKnownFileType = sourcecode.swift; path = ServerViewController.swift; sourceTree = "<group>"; };
		C002000000 /* OCR_App.swift */ = {isa = PBXFileReference; lastKnownFileType = sourcecode.swift; path = OCR_App.swift; sourceTree = "<group>"; };
		C002000001 /* ContentView.swift */ = {isa = PBXFileReference; lastKnownFileType = sourcecode.swift; path = ContentView.swift; sourceTree = "<group>"; };
		C002000002 /* OCRTabView.swift */ = {isa = PBXFileReference; lastKnownFileType = sourcecode.swift; path = OCRTabView.swift; sourceTree = "<group>"; };
		C002000003 /* ServerTabView.swift */ = {isa = PBXFileReference; lastKnownFileType = sourcecode.swift; path = ServerTabView.swift; sourceTree = "<group>"; };
		C002000004 /* HistoryTabView.swift */ = {isa = PBXFileReference; lastKnownFileType = sourcecode.swift; path = HistoryTabView.swift; sourceTree = "<group>"; };
		C002000005 /* OCRViewModel.swift */ = {isa = PBXFileReference; lastKnownFileType = sourcecode.swift; path = OCRViewModel.swift; sourceTree = "<group>"; };
		C002000006 /* ServerViewModel.swift */ = {isa = PBXFileReference; lastKnownFileType = sourcecode.swift; path = ServerViewModel.swift; sourceTree = "<group>"; };
/* End PBXFileReference section */

/* Begin PBXFrameworksBuildPhase section */
		C001000009 /* Frameworks */ = {
			isa = PBXFrameworksBuildPhase;
			buildActionMask = 2147483647;
			files = (
			);
			runOnlyForDeploymentPostprocessing = 0;
		};
/* End PBXFrameworksBuildPhase section */

/* Begin PBXGroup section */
		C00100000A /* = */ = {
			isa = PBXGroup;
			children = (
				C00100000B /* OCR-App */,
				C00100000C /* Products */,
			);
			sourceTree = "<group>";
		};
		C00100000B /* OCR-App */ = {
			isa = PBXGroup;
			children = (
				C001000005 /* Info.plist */,
				C001000008 /* OCRService.swift */,
				C001000017 /* ServerManager.swift */,
				C002000000 /* OCR_App.swift */,
				C002000001 /* ContentView.swift */,
				C002000002 /* OCRTabView.swift */,
				C002000003 /* ServerTabView.swift */,
				C002000004 /* HistoryTabView.swift */,
				C002000005 /* OCRViewModel.swift */,
				C002000006 /* ServerViewModel.swift */,
			);
			path = "OCR-App";
			sourceTree = "<group>";
		};
		C00100000C /* Products */ = {
			isa = PBXGroup;
			children = (
				C001000004 /* OCR App.app */,
			);
			name = Products;
			sourceTree = "<group>";
		};
/* End PBXGroup section */

/* Begin PBXNativeTarget section */
		C00100000D /* OCR App */ = {
			isa = PBXNativeTarget;
			buildConfigurationList = C001000010 /* Build configuration list for PBXNativeTarget "OCR App" */;
			buildPhases = (
				C00100000E /* Sources */,
				C001000009 /* Frameworks */,
			);
			buildRules = (
			);
			dependencies = (
			);
			name = "OCR App";
			productName = "OCR App";
			productReference = C001000004 /* OCR App.app */;
			productType = "com.apple.product-type.application";
		};
/* End PBXNativeTarget section */

/* Begin PBXProject section */
		C00100000F /* Project object */ = {
			isa = PBXProject;
			attributes = {
				BuildIndependentTargetsInParallel = 1;
				LastSwiftUpdateCheck = 1530;
				LastUpgradeCheck = 1530;
			};
			buildConfigurationList = C001000011 /* Build configuration list for PBXProject "OCR-App" */;
			compatibilityVersion = "Xcode 14.0";
			developmentRegion = "en-US";
			hasScannedForEncodings = 0;
			knownRegions = (
				en,
				Base,
			);
			mainGroup = C00100000A /* = */;
			productRefGroup = C00100000C /* Products */;
			projectDirPath = "";
			projectRoot = "";
			targets = (
				C00100000D /* OCR App */,
			);
		};
/* End PBXProject section */

/* Begin PBXSourcesBuildPhase section */
		C00100000E /* Sources */ = {
			isa = PBXSourcesBuildPhase;
			buildActionMask = 2147483647;
			files = (
				C001000003 /* OCRService.swift in Sources */,
				C001000016 /* ServerManager.swift in Sources */,
				C002000010 /* OCR_App.swift in Sources */,
				C002000011 /* ContentView.swift in Sources */,
				C002000012 /* OCRTabView.swift in Sources */,
				C002000013 /* ServerTabView.swift in Sources */,
				C002000014 /* HistoryTabView.swift in Sources */,
				C002000015 /* OCRViewModel.swift in Sources */,
				C002000016 /* ServerViewModel.swift in Sources */,
			);
			runOnlyForDeploymentPostprocessing = 0;
		};
/* End PBXSourcesBuildPhase section */

/* Begin XCBuildConfiguration section */
		C001000012 /* Debug */ = {
			isa = XCBuildConfiguration;
			buildSettings = {
				ALWAYS_SEARCH_USER_PATHS = NO;
				CLANG_ANALYZER_NONNULL = YES;
				CLANG_CXX_LANGUAGE_STANDARD = "gnu++20";
				CLANG_ENABLE_MODULES = YES;
				CLANG_ENABLE_OBJC_ARC = YES;
				COPY_PHASE_STRIP = NO;
				DEBUG_INFORMATION_FORMAT = dwarf;
				ENABLE_STRICT_OBJC_MSGSEND = YES;
				ENABLE_TESTABILITY = YES;
				GCC_DYNAMIC_NO_PIC = NO;
				GCC_OPTIMIZATION_LEVEL = 0;
				GCC_PREPROCESSOR_DEFINITIONS = (
					"DEBUG=1",
					"$(inherited)",
				);
				IPHONEOS_DEPLOYMENT_TARGET = 15.0;
				MACOSX_DEPLOYMENT_TARGET = 15.0;
				MTL_ENABLE_DEBUG_INFO = INCLUDE_SOURCE;
				ONLY_ACTIVE_ARCH = YES;
				SDKROOT = macosx;
				SWIFT_ACTIVE_COMPILATION_CONDITIONS = DEBUG;
				SWIFT_OPTIMIZATION_LEVEL = "-Onone";
			};
			name = Debug;
		};
		C001000013 /* Release */ = {
			isa = XCBuildConfiguration;
			buildSettings = {
				ALWAYS_SEARCH_USER_PATHS = NO;
				CLANG_ANALYZER_NONNULL = YES;
				CLANG_CXX_LANGUAGE_STANDARD = "gnu++20";
				CLANG_ENABLE_MODULES = YES;
				CLANG_ENABLE_OBJC_ARC = YES;
				COPY_PHASE_STRIP = NO;
				DEBUG_INFORMATION_FORMAT = "dwarf-with-dsym";
				ENABLE_NS_ASSERTIONS = NO;
				ENABLE_STRICT_OBJC_MSGSEND = YES;
				GCC_OPTIMIZATION_LEVEL = s;
				IPHONEOS_DEPLOYMENT_TARGET = 15.0;
				MACOSX_DEPLOYMENT_TARGET = 15.0;
				MTL_ENABLE_DEBUG_INFO = NO;
				SDKROOT = macosx;
				SWIFT_COMPILATION_MODE = wholemodule;
				SWIFT_OPTIMIZATION_LEVEL = "-O";
			};
			name = Release;
		};
		C001000014 /* Debug */ = {
			isa = XCBuildConfiguration;
			buildSettings = {
				ASSETCATALOG_COMPILER_APPICON_NAME = AppIcon;
				CODE_SIGN_STYLE = Automatic;
				COMBINE_HIDPI_IMAGES = YES;
				CURRENT_PROJECT_VERSION = 1;
				ENABLE_HARDENED_RUNTIME = YES;
				GENERATE_INFOPLIST_FILE = YES;
				INFOPLIST_FILE = "OCR-App/Info.plist";
				INFOPLIST_KEY_CFBundleDisplayName = "OCR Batch Processor";
				INFOPLIST_KEY_NSHumanReadableCopyright = "";
				LD_RUNPATH_SEARCH_PATHS = (
					"$(inherited)",
					"@executable_path/../Frameworks",
				);
				MACOSX_DEPLOYMENT_TARGET = 15.0;
				MARKETING_VERSION = 1.0;
				PRODUCT_BUNDLE_IDENTIFIER = "com.ocr.batch-processor";
				PRODUCT_NAME = "OCR App";
				SWIFT_VERSION = 5.0;
			};
			name = Debug;
		};
		C001000015 /* Release */ = {
			isa = XCBuildConfiguration;
			buildSettings = {
				ASSETCATALOG_COMPILER_APPICON_NAME = AppIcon;
				CODE_SIGN_STYLE = Automatic;
				COMBINE_HIDPI_IMAGES = YES;
				CURRENT_PROJECT_VERSION = 1;
				ENABLE_HARDENED_RUNTIME = YES;
				GENERATE_INFOPLIST_FILE = YES;
				INFOPLIST_FILE = "OCR-App/Info.plist";
				INFOPLIST_KEY_CFBundleDisplayName = "OCR Batch Processor";
				INFOPLIST_KEY_NSHumanReadableCopyright = "";
				LD_RUNPATH_SEARCH_PATHS = (
					"$(inherited)",
					"@executable_path/../Frameworks",
				);
				MACOSX_DEPLOYMENT_TARGET = 15.0;
				MARKETING_VERSION = 1.0;
				PRODUCT_BUNDLE_IDENTIFIER = "com.ocr.batch-processor";
				PRODUCT_NAME = "OCR App";
				SWIFT_VERSION = 5.0;
			};
			name = Release;
		};
/* End XCBuildConfiguration section */

/* Begin XCConfigurationList section */
		C001000010 /* Build configuration list for PBXNativeTarget "OCR App" */ = {
			isa = XCConfigurationList;
			buildConfigurations = (
				C001000014 /* Debug */,
				C001000015 /* Release */,
			);
			defaultConfigurationIsVisible = 0;
			defaultConfigurationName = Release;
		};
		C001000011 /* Build configuration list for PBXProject "OCR-App" */ = {
			isa = XCConfigurationList;
			buildConfigurations = (
				C001000012 /* Debug */,
				C001000013 /* Release */,
			);
			defaultConfigurationIsVisible = 0;
			defaultConfigurationName = Release;
		};
/* End XCConfigurationList section */

	};
	rootObject = C00100000F /* Project object */;
}
